
Microsoft Visual Studio Solution File, Format Version 12.00
# Visual Studio Version 17
VisualStudioVersion = 17.9.34607.119
MinimumVisualStudioVersion = 10.0.40219.1
Project("{9A19103F-16F7-4668-BE54-9A1E7A4F7556}") = "FGTools", "Src\FGTools\FGTools.csproj", "{3B9D9D58-A59B-421F-8BC6-FB5E184C4AAF}"
EndProject
Project("{FAE04EC0-301F-11D3-BF4B-00C04F79EFBC}") = "discord_api", "Src\discord_api\discord_api.csproj", "{AABA2CCF-8806-46CC-A8CB-083236BD5FA1}"
EndProject
Global
	GlobalSection(SolutionConfigurationPlatforms) = preSolution
		ClosedBeta|Any CPU = ClosedBeta|Any CPU
		Dev|Any CPU = Dev|Any CPU
		Prod|Any CPU = Prod|Any CPU
	EndGlobalSection
	GlobalSection(ProjectConfigurationPlatforms) = postSolution
		{3B9D9D58-A59B-421F-8BC6-FB5E184C4AAF}.ClosedBeta|Any CPU.ActiveCfg = ClosedBeta|Any CPU
		{3B9D9D58-A59B-421F-8BC6-FB5E184C4AAF}.ClosedBeta|Any CPU.Build.0 = ClosedBeta|Any CPU
		{3B9D9D58-A59B-421F-8BC6-FB5E184C4AAF}.Dev|Any CPU.ActiveCfg = Dev|Any CPU
		{3B9D9D58-A59B-421F-8BC6-FB5E184C4AAF}.Dev|Any CPU.Build.0 = Dev|Any CPU
		{3B9D9D58-A59B-421F-8BC6-FB5E184C4AAF}.Prod|Any CPU.ActiveCfg = PROD|Any CPU
		{3B9D9D58-A59B-421F-8BC6-FB5E184C4AAF}.Prod|Any CPU.Build.0 = PROD|Any CPU
		{AABA2CCF-8806-46CC-A8CB-083236BD5FA1}.ClosedBeta|Any CPU.ActiveCfg = Debug|Any CPU
		{AABA2CCF-8806-46CC-A8CB-083236BD5FA1}.ClosedBeta|Any CPU.Build.0 = Debug|Any CPU
		{AABA2CCF-8806-46CC-A8CB-083236BD5FA1}.Dev|Any CPU.ActiveCfg = Debug|Any CPU
		{AABA2CCF-8806-46CC-A8CB-083236BD5FA1}.Dev|Any CPU.Build.0 = Debug|Any CPU
		{AABA2CCF-8806-46CC-A8CB-083236BD5FA1}.Prod|Any CPU.ActiveCfg = Release|Any CPU
		{AABA2CCF-8806-46CC-A8CB-083236BD5FA1}.Prod|Any CPU.Build.0 = Release|Any CPU
	EndGlobalSection
	GlobalSection(SolutionProperties) = preSolution
		HideSolutionNode = FALSE
	EndGlobalSection
	GlobalSection(ExtensibilityGlobals) = postSolution
		SolutionGuid = {8409C161-4D2E-4A69-8045-024324C21737}
	EndGlobalSection
EndGlobal
